<?xml version="1.0" encoding="utf-8"?>
<Project ToolsVersion="4.0" xmlns="http://schemas.microsoft.com/developer/msbuild/2003">
  <ItemGroup>
    <Filter Include="Source Files">
      <UniqueIdentifier>{4FC737F1-C7A5-4376-A066-2A32D752A2FF}</UniqueIdentifier>
      <Extensions>cpp;c;cc;cxx;c++;cppm;ixx;def;odl;idl;hpj;bat;asm;asmx</Extensions>
    </Filter>
    <Filter Include="Header Files">
      <UniqueIdentifier>{93995380-89BD-4b04-88EB-625FBE52EBFB}</UniqueIdentifier>
      <Extensions>h;hh;hpp;hxx;h++;hm;inl;inc;ipp;xsd</Extensions>
    </Filter>
    <Filter Include="Resource Files">
      <UniqueIdentifier>{67DA6AB6-F800-4c08-8B7A-83BB121AAD01}</UniqueIdentifier>
      <Extensions>rc;ico;cur;bmp;dlg;rc2;rct;bin;rgs;gif;jpg;jpeg;jpe;resx;tiff;tif;png;wav;mfcribbon-ms</Extensions>
    </Filter>
    <Filter Include="Source Files\Core">
      <UniqueIdentifier>{b8c6efd5-f7d9-4e54-8516-1c8be61a3aaa}</UniqueIdentifier>
    </Filter>
    <Filter Include="Header Files\Core">
      <UniqueIdentifier>{ae0959bc-a83a-420f-a734-5af9f7d9d5f8}</UniqueIdentifier>
    </Filter>
    <Filter Include="Header Files\Core\Game">
      <UniqueIdentifier>{7b9b5838-9f0a-4231-871b-ea0fa70c8972}</UniqueIdentifier>
    </Filter>
    <Filter Include="Source Files\Core\Game">
      <UniqueIdentifier>{403cb382-3fdf-46a6-b733-9b120808d3b3}</UniqueIdentifier>
    </Filter>
    <Filter Include="Header Files\Hook">
      <UniqueIdentifier>{d9182682-5891-4bbd-87b9-661fc9d07b14}</UniqueIdentifier>
    </Filter>
    <Filter Include="Source Files\Hook">
      <UniqueIdentifier>{818771dc-7cb6-47ef-a9a8-f199e84756e9}</UniqueIdentifier>
    </Filter>
    <Filter Include="Header Files\Core\Hooks">
      <UniqueIdentifier>{c80e006c-a741-48d9-98fc-11941e41bd9e}</UniqueIdentifier>
    </Filter>
    <Filter Include="Source Files\Core\Hooks">
      <UniqueIdentifier>{ae67c562-ab3e-428e-a200-915ae00dd01a}</UniqueIdentifier>
    </Filter>
    <Filter Include="Header Files\Math">
      <UniqueIdentifier>{1c5da17e-6419-40f3-9813-ed2dd40c0cc4}</UniqueIdentifier>
    </Filter>
    <Filter Include="Source Files\Math">
      <UniqueIdentifier>{5df09a67-cbe5-4547-be81-3372a1aa11d8}</UniqueIdentifier>
    </Filter>
    <Filter Include="Header Files\Draw">
      <UniqueIdentifier>{73fdcf97-54d5-4a6e-918c-f0bf3115d840}</UniqueIdentifier>
    </Filter>
    <Filter Include="Source Files\Draw">
      <UniqueIdentifier>{2a52474e-1979-4965-b0b9-1d17c9f188e3}</UniqueIdentifier>
    </Filter>
  </ItemGroup>
  <ItemGroup>
    <ClInclude Include="framework.h">
      <Filter>Header Files</Filter>
    </ClInclude>
    <ClInclude Include="pch.h">
      <Filter>Header Files</Filter>
    </ClInclude>
    <ClInclude Include="Init.h">
      <Filter>Header Files\Core</Filter>
    </ClInclude>
    <ClInclude Include="Data.h">
      <Filter>Header Files\Core</Filter>
    </ClInclude>
    <ClInclude Include="util.h">
      <Filter>Header Files</Filter>
    </ClInclude>
    <ClInclude Include="Context.h">
      <Filter>Header Files\Core\Game</Filter>
    </ClInclude>
    <ClInclude Include="Hook.h">
      <Filter>Header Files\Hook</Filter>
    </ClInclude>
    <ClInclude Include="Hooks.h">
      <Filter>Header Files\Core\Hooks</Filter>
    </ClInclude>
    <ClInclude Include="PlayerController.h">
      <Filter>Header Files\Core\Game</Filter>
    </ClInclude>
    <ClInclude Include="Player.h">
      <Filter>Header Files\Core\Game</Filter>
    </ClInclude>
    <ClInclude Include="Vars.h">
      <Filter>Header Files\Core\Game</Filter>
    </ClInclude>
    <ClInclude Include="Math.h">
      <Filter>Header Files\Math</Filter>
    </ClInclude>
    <ClInclude Include="Dx.h">
      <Filter>Header Files\Core\Game</Filter>
    </ClInclude>
    <ClInclude Include="Draw.h">
      <Filter>Header Files\Draw</Filter>
    </ClInclude>
    <ClInclude Include="PlayerList.h">
      <Filter>Header Files\Core\Game</Filter>
    </ClInclude>
  </ItemGroup>
  <ItemGroup>
    <ClCompile Include="dllmain.cpp">
      <Filter>Source Files</Filter>
    </ClCompile>
    <ClCompile Include="pch.cpp">
      <Filter>Source Files</Filter>
    </ClCompile>
    <ClCompile Include="Init.cpp">
      <Filter>Source Files\Core</Filter>
    </ClCompile>
    <ClCompile Include="Data.cpp">
      <Filter>Source Files\Core</Filter>
    </ClCompile>
    <ClCompile Include="Context.cpp">
      <Filter>Source Files\Core\Game</Filter>
    </ClCompile>
    <ClCompile Include="Hook.cpp">
      <Filter>Source Files\Hook</Filter>
    </ClCompile>
    <ClCompile Include="Hooks.cpp">
      <Filter>Source Files\Core\Hooks</Filter>
    </ClCompile>
    <ClCompile Include="Vars.cpp">
      <Filter>Source Files\Core\Game</Filter>
    </ClCompile>
    <ClCompile Include="Math.cpp">
      <Filter>Source Files\Math</Filter>
    </ClCompile>
    <ClCompile Include="Player.cpp">
      <Filter>Source Files\Core\Game</Filter>
    </ClCompile>
    <ClCompile Include="Draw.cpp">
      <Filter>Source Files\Draw</Filter>
    </ClCompile>
    <ClCompile Include="PlayerList.cpp">
      <Filter>Source Files\Core\Game</Filter>
    </ClCompile>
  </ItemGroup>
  <ItemGroup>
    <None Include="Data.inl">
      <Filter>Header Files\Core</Filter>
    </None>
  </ItemGroup>
</Project>